
Microsoft Visual Studio Solution File, Format Version 12.00
# Visual Studio Version 16
VisualStudioVersion = 16.0.30104.148
MinimumVisualStudioVersion = 10.0.40219.1
Project("{9A19103F-16F7-4668-BE54-9A1E7A4F7556}") = "Encapsulation lab", "Encapsulation lab.csproj", "{0F85E8FB-17EB-4283-BA67-03432160812A}"
EndProject
Project("{9A19103F-16F7-4668-BE54-9A1E7A4F7556}") = "Salary Increase", "..\Salary Increase\Salary Increase.csproj", "{C2CC1798-D9A0-49EB-B621-6D8F8049A318}"
EndProject
Project("{9A19103F-16F7-4668-BE54-9A1E7A4F7556}") = "Validation of Data", "..\Validation of Data\Validation of Data.csproj", "{F50EF225-7010-4FCC-B9A2-39AAE519A599}"
EndProject
Project("{FAE04EC0-301F-11D3-BF4B-00C04F79EFBC}") = "First and reverse team", "..\First and reverse team\First and reverse team.csproj", "{3A4BDDFE-36EB-48E7-81D2-F26FF00D8F94}"
EndProject
Project("{FAE04EC0-301F-11D3-BF4B-00C04F79EFBC}") = "test", "..\test\test.csproj", "{73357B6F-E562-4FD1-9775-0C4ED9AFE9CC}"
EndProject
Global
	GlobalSection(SolutionConfigurationPlatforms) = preSolution
		Debug|Any CPU = Debug|Any CPU
		Release|Any CPU = Release|Any CPU
	EndGlobalSection
	GlobalSection(ProjectConfigurationPlatforms) = postSolution
		{0F85E8FB-17EB-4283-BA67-03432160812A}.Debug|Any CPU.ActiveCfg = Debug|Any CPU
		{0F85E8FB-17EB-4283-BA67-03432160812A}.Debug|Any CPU.Build.0 = Debug|Any CPU
		{0F85E8FB-17EB-4283-BA67-03432160812A}.Release|Any CPU.ActiveCfg = Release|Any CPU
		{0F85E8FB-17EB-4283-BA67-03432160812A}.Release|Any CPU.Build.0 = Release|Any CPU
		{C2CC1798-D9A0-49EB-B621-6D8F8049A318}.Debug|Any CPU.ActiveCfg = Debug|Any CPU
		{C2CC1798-D9A0-49EB-B621-6D8F8049A318}.Debug|Any CPU.Build.0 = Debug|Any CPU
		{C2CC1798-D9A0-49EB-B621-6D8F8049A318}.Release|Any CPU.ActiveCfg = Release|Any CPU
		{C2CC1798-D9A0-49EB-B621-6D8F8049A318}.Release|Any CPU.Build.0 = Release|Any CPU
		{F50EF225-7010-4FCC-B9A2-39AAE519A599}.Debug|Any CPU.ActiveCfg = Debug|Any CPU
		{F50EF225-7010-4FCC-B9A2-39AAE519A599}.Debug|Any CPU.Build.0 = Debug|Any CPU
		{F50EF225-7010-4FCC-B9A2-39AAE519A599}.Release|Any CPU.ActiveCfg = Release|Any CPU
		{F50EF225-7010-4FCC-B9A2-39AAE519A599}.Release|Any CPU.Build.0 = Release|Any CPU
		{3A4BDDFE-36EB-48E7-81D2-F26FF00D8F94}.Debug|Any CPU.ActiveCfg = Debug|Any CPU
		{3A4BDDFE-36EB-48E7-81D2-F26FF00D8F94}.Debug|Any CPU.Build.0 = Debug|Any CPU
		{3A4BDDFE-36EB-48E7-81D2-F26FF00D8F94}.Release|Any CPU.ActiveCfg = Release|Any CPU
		{3A4BDDFE-36EB-48E7-81D2-F26FF00D8F94}.Release|Any CPU.Build.0 = Release|Any CPU
		{73357B6F-E562-4FD1-9775-0C4ED9AFE9CC}.Debug|Any CPU.ActiveCfg = Debug|Any CPU
		{73357B6F-E562-4FD1-9775-0C4ED9AFE9CC}.Debug|Any CPU.Build.0 = Debug|Any CPU
		{73357B6F-E562-4FD1-9775-0C4ED9AFE9CC}.Release|Any CPU.ActiveCfg = Release|Any CPU
		{73357B6F-E562-4FD1-9775-0C4ED9AFE9CC}.Release|Any CPU.Build.0 = Release|Any CPU
	EndGlobalSection
	GlobalSection(SolutionProperties) = preSolution
		HideSolutionNode = FALSE
	EndGlobalSection
	GlobalSection(ExtensibilityGlobals) = postSolution
		SolutionGuid = {5E03822E-3A59-4967-A45B-E3C7F549363E}
	EndGlobalSection
EndGlobal
